// !$*UTF8*$!
{
	archiveVersion = 1;
	classes = {
	};
	objectVersion = 46;
	objects = {

/* Begin PBXBuildFile section */
		FA0BE8301C9B9D270007E49D /* Action.swift in Sources */ = {isa = PBXBuildFile; fileRef = FA0BE82F1C9B9D270007E49D /* Action.swift */; };
		FA0BE8311C9BA04A0007E49D /* Action.swift in Sources */ = {isa = PBXBuildFile; fileRef = FA0BE82F1C9B9D270007E49D /* Action.swift */; };
		FA124EC11CA6203F00CAACC5 /* StaticStateSearchTests.swift in Sources */ = {isa = PBXBuildFile; fileRef = FAD2763B1C9C0BBF006819FF /* StaticStateSearchTests.swift */; };
		FA17F5931CAF66AB009D3EBD /* PuzzleRenderer.swift in Sources */ = {isa = PBXBuildFile; fileRef = FA17F5921CAF66AB009D3EBD /* PuzzleRenderer.swift */; };
		FA17F5951CAF69DB009D3EBD /* TileRenderer.swift in Sources */ = {isa = PBXBuildFile; fileRef = FA17F5941CAF69DB009D3EBD /* TileRenderer.swift */; };
		FA17F5991CAF7948009D3EBD /* PuzzleRendererTests.swift in Sources */ = {isa = PBXBuildFile; fileRef = FA17F5981CAF7948009D3EBD /* PuzzleRendererTests.swift */; };
		FA17F59A1CAF797B009D3EBD /* X11.swift in Sources */ = {isa = PBXBuildFile; fileRef = FA5C596B1CAE9EC900B7048C /* X11.swift */; };
		FA17F59B1CAF797D009D3EBD /* PuzzleRenderer.swift in Sources */ = {isa = PBXBuildFile; fileRef = FA17F5921CAF66AB009D3EBD /* PuzzleRenderer.swift */; };
		FA17F59C1CAF7980009D3EBD /* TileRenderer.swift in Sources */ = {isa = PBXBuildFile; fileRef = FA17F5941CAF69DB009D3EBD /* TileRenderer.swift */; };
		FA17F59D1CAF7A7C009D3EBD /* libX11.6.dylib in Frameworks */ = {isa = PBXBuildFile; fileRef = FA5C596D1CAE9F0900B7048C /* libX11.6.dylib */; };
		FA17F59F1CAF95CD009D3EBD /* SearchMethodObserver.swift in Sources */ = {isa = PBXBuildFile; fileRef = FA17F59E1CAF95CD009D3EBD /* SearchMethodObserver.swift */; };
		FA17F5A01CAF97E3009D3EBD /* SearchMethodObserver.swift in Sources */ = {isa = PBXBuildFile; fileRef = FA17F59E1CAF95CD009D3EBD /* SearchMethodObserver.swift */; };
		FA22936D1CA6A48400032463 /* EvaluatedFrontier.swift in Sources */ = {isa = PBXBuildFile; fileRef = FA22936C1CA6A48400032463 /* EvaluatedFrontier.swift */; };
		FA2293701CA6AF3500032463 /* FrontierTests.swift in Sources */ = {isa = PBXBuildFile; fileRef = FA22936E1CA6AF2000032463 /* FrontierTests.swift */; };
		FA2293711CA7EA5400032463 /* EvaluatedFrontier.swift in Sources */ = {isa = PBXBuildFile; fileRef = FA22936C1CA6A48400032463 /* EvaluatedFrontier.swift */; };
		FA4335071CAA064D00FE5C24 /* GreedyBestFirstSearch.swift in Sources */ = {isa = PBXBuildFile; fileRef = FA4335061CAA064D00FE5C24 /* GreedyBestFirstSearch.swift */; };
		FA4335091CAA0C2F00FE5C24 /* EvaluationFunction.swift in Sources */ = {isa = PBXBuildFile; fileRef = FA4335081CAA0C2F00FE5C24 /* EvaluationFunction.swift */; };
		FA43350C1CAA0F0800FE5C24 /* HeuristicOnlyEvaluation.swift in Sources */ = {isa = PBXBuildFile; fileRef = FA43350B1CAA0F0800FE5C24 /* HeuristicOnlyEvaluation.swift */; };
		FA43350E1CAA116900FE5C24 /* HeuristicAndPathCostEvaluation.swift in Sources */ = {isa = PBXBuildFile; fileRef = FA43350D1CAA116900FE5C24 /* HeuristicAndPathCostEvaluation.swift */; };
		FA43350F1CAA13B900FE5C24 /* EvaluationFunction.swift in Sources */ = {isa = PBXBuildFile; fileRef = FA4335081CAA0C2F00FE5C24 /* EvaluationFunction.swift */; };
		FA4335101CAA140200FE5C24 /* HeuristicOnlyEvaluation.swift in Sources */ = {isa = PBXBuildFile; fileRef = FA43350B1CAA0F0800FE5C24 /* HeuristicOnlyEvaluation.swift */; };
		FA4335111CAB520200FE5C24 /* GreedyBestFirstSearch.swift in Sources */ = {isa = PBXBuildFile; fileRef = FA4335061CAA064D00FE5C24 /* GreedyBestFirstSearch.swift */; };
		FA4335131CAB540500FE5C24 /* AStarSearch.swift in Sources */ = {isa = PBXBuildFile; fileRef = FA4335121CAB540500FE5C24 /* AStarSearch.swift */; };
		FA4335141CAB545B00FE5C24 /* AStarSearch.swift in Sources */ = {isa = PBXBuildFile; fileRef = FA4335121CAB540500FE5C24 /* AStarSearch.swift */; };
		FA4335151CAB54A900FE5C24 /* HeuristicAndPathCostEvaluation.swift in Sources */ = {isa = PBXBuildFile; fileRef = FA43350D1CAA116900FE5C24 /* HeuristicAndPathCostEvaluation.swift */; };
		FA4B2B901CAE691F005878E1 /* DepthLimitedSearch.swift in Sources */ = {isa = PBXBuildFile; fileRef = FA4B2B8F1CAE691F005878E1 /* DepthLimitedSearch.swift */; };
		FA5A2E331C9AE3020041F55E /* main.swift in Sources */ = {isa = PBXBuildFile; fileRef = FA5A2E321C9AE3020041F55E /* main.swift */; };
		FA5A2E461C9AE32F0041F55E /* Node.swift in Sources */ = {isa = PBXBuildFile; fileRef = FA5A2E451C9AE32F0041F55E /* Node.swift */; };
		FA5A2E481C9AE3470041F55E /* State.swift in Sources */ = {isa = PBXBuildFile; fileRef = FA5A2E471C9AE3470041F55E /* State.swift */; };
		FA5A2E4A1C9AE3530041F55E /* Direction.swift in Sources */ = {isa = PBXBuildFile; fileRef = FA5A2E491C9AE3530041F55E /* Direction.swift */; };
		FA5A2E851C9AEC6A0041F55E /* StateTests.swift in Sources */ = {isa = PBXBuildFile; fileRef = FA5A2E841C9AEC6A0041F55E /* StateTests.swift */; };
		FA5A2E911C9AECD20041F55E /* State.swift in Sources */ = {isa = PBXBuildFile; fileRef = FA5A2E471C9AE3470041F55E /* State.swift */; };
		FA5A2E921C9AECD40041F55E /* Direction.swift in Sources */ = {isa = PBXBuildFile; fileRef = FA5A2E491C9AE3530041F55E /* Direction.swift */; };
		FA5A2E941C9AF2570041F55E /* FileParser.swift in Sources */ = {isa = PBXBuildFile; fileRef = FA5A2E931C9AF2570041F55E /* FileParser.swift */; };
		FA5C595D1CAE752600B7048C /* DepthLimitedSearch.swift in Sources */ = {isa = PBXBuildFile; fileRef = FA4B2B8F1CAE691F005878E1 /* DepthLimitedSearch.swift */; };
		FA5C595F1CAE98A500B7048C /* RandomisedFrontier.swift in Sources */ = {isa = PBXBuildFile; fileRef = FA5C595E1CAE98A500B7048C /* RandomisedFrontier.swift */; };
		FA5C59611CAE994000B7048C /* MutableCollectionType+Shuffle.swift in Sources */ = {isa = PBXBuildFile; fileRef = FA5C59601CAE994000B7048C /* MutableCollectionType+Shuffle.swift */; };
		FA5C59631CAE99D100B7048C /* CrossPlatformRandom.swift in Sources */ = {isa = PBXBuildFile; fileRef = FA5C59621CAE99D100B7048C /* CrossPlatformRandom.swift */; };
		FA5C59651CAE9AF200B7048C /* BogosortSearch.swift in Sources */ = {isa = PBXBuildFile; fileRef = FA5C59641CAE9AF200B7048C /* BogosortSearch.swift */; };
		FA5C59661CAE9BD000B7048C /* BogosortSearch.swift in Sources */ = {isa = PBXBuildFile; fileRef = FA5C59641CAE9AF200B7048C /* BogosortSearch.swift */; };
		FA5C59671CAE9BF700B7048C /* RandomisedFrontier.swift in Sources */ = {isa = PBXBuildFile; fileRef = FA5C595E1CAE98A500B7048C /* RandomisedFrontier.swift */; };
		FA5C59681CAE9C0400B7048C /* MutableCollectionType+Shuffle.swift in Sources */ = {isa = PBXBuildFile; fileRef = FA5C59601CAE994000B7048C /* MutableCollectionType+Shuffle.swift */; };
		FA5C59691CAE9C0A00B7048C /* CrossPlatformRandom.swift in Sources */ = {isa = PBXBuildFile; fileRef = FA5C59621CAE99D100B7048C /* CrossPlatformRandom.swift */; };
		FA5C596C1CAE9EC900B7048C /* X11.swift in Sources */ = {isa = PBXBuildFile; fileRef = FA5C596B1CAE9EC900B7048C /* X11.swift */; };
		FA5C596E1CAE9F0900B7048C /* libX11.6.dylib in Frameworks */ = {isa = PBXBuildFile; fileRef = FA5C596D1CAE9F0900B7048C /* libX11.6.dylib */; };
		FA7439351CA285C1009411C2 /* SearchMethod.swift in Sources */ = {isa = PBXBuildFile; fileRef = FA7439341CA285C1009411C2 /* SearchMethod.swift */; };
		FA7439361CA285E6009411C2 /* SearchMethod.swift in Sources */ = {isa = PBXBuildFile; fileRef = FA7439341CA285C1009411C2 /* SearchMethod.swift */; };
		FA7439371CA286B3009411C2 /* DepthFirstSearch.swift in Sources */ = {isa = PBXBuildFile; fileRef = FAFB45EA1C9B6E6D0093DB92 /* DepthFirstSearch.swift */; };
		FA7D5D5B1CBCC0A3004AD42D /* Solver.swift in Sources */ = {isa = PBXBuildFile; fileRef = FAD2762F1C9BA7FB006819FF /* Solver.swift */; };
		FA7D5D5C1CBCC310004AD42D /* main.swift in Sources */ = {isa = PBXBuildFile; fileRef = FA5A2E321C9AE3020041F55E /* main.swift */; };
		FA7D5D5D1CBCC31F004AD42D /* IterativeDeepeningAStarSearch.swift in Sources */ = {isa = PBXBuildFile; fileRef = FAFAA78A1CB380DF0018516F /* IterativeDeepeningAStarSearch.swift */; };
		FA7D5D5E1CBCC323004AD42D /* FileParser.swift in Sources */ = {isa = PBXBuildFile; fileRef = FA5A2E931C9AF2570041F55E /* FileParser.swift */; };
		FA8642901C9B8B26009FC7D1 /* PositionTests.swift in Sources */ = {isa = PBXBuildFile; fileRef = FA86428F1C9B8B26009FC7D1 /* PositionTests.swift */; };
		FA88CEC91C9B831600DF8B66 /* Position.swift in Sources */ = {isa = PBXBuildFile; fileRef = FA88CEC81C9B831600DF8B66 /* Position.swift */; };
		FA88CECA1C9B835500DF8B66 /* Position.swift in Sources */ = {isa = PBXBuildFile; fileRef = FA88CEC81C9B831600DF8B66 /* Position.swift */; };
		FAB1A97A1CB1E4510033B8B7 /* IsValidStateTests.swift in Sources */ = {isa = PBXBuildFile; fileRef = FAB1A9781CB1E39B0033B8B7 /* IsValidStateTests.swift */; };
		FABCA38C1CAE5EBD0060CC07 /* SearchTraversalTests.swift in Sources */ = {isa = PBXBuildFile; fileRef = FABCA38B1CAE5EBD0060CC07 /* SearchTraversalTests.swift */; };
		FAD0AEAC1CA54C24005BA51E /* HeuristicFunction.swift in Sources */ = {isa = PBXBuildFile; fileRef = FAD0AEAB1CA54C24005BA51E /* HeuristicFunction.swift */; };
		FAD0AEAE1CA54D56005BA51E /* MisplacedTilesCount.swift in Sources */ = {isa = PBXBuildFile; fileRef = FAD0AEAD1CA54D56005BA51E /* MisplacedTilesCount.swift */; };
		FAD0AEAF1CA5507E005BA51E /* HeuristicFunction.swift in Sources */ = {isa = PBXBuildFile; fileRef = FAD0AEAB1CA54C24005BA51E /* HeuristicFunction.swift */; };
		FAD0AEB01CA55597005BA51E /* MisplacedTilesCount.swift in Sources */ = {isa = PBXBuildFile; fileRef = FAD0AEAD1CA54D56005BA51E /* MisplacedTilesCount.swift */; };
		FAD0AEB21CA555A8005BA51E /* HeuristicTests.swift in Sources */ = {isa = PBXBuildFile; fileRef = FAD0AEB11CA555A8005BA51E /* HeuristicTests.swift */; };
		FAD0AEB41CA55B46005BA51E /* ManhattanDistance.swift in Sources */ = {isa = PBXBuildFile; fileRef = FAD0AEB31CA55B46005BA51E /* ManhattanDistance.swift */; };
		FAD0AEB51CA55C85005BA51E /* ManhattanDistance.swift in Sources */ = {isa = PBXBuildFile; fileRef = FAD0AEB31CA55B46005BA51E /* ManhattanDistance.swift */; };
		FAD276301C9BA7FB006819FF /* Solver.swift in Sources */ = {isa = PBXBuildFile; fileRef = FAD2762F1C9BA7FB006819FF /* Solver.swift */; };
		FAD276321C9BD6AA006819FF /* NodeTests.swift in Sources */ = {isa = PBXBuildFile; fileRef = FAD276311C9BD6AA006819FF /* NodeTests.swift */; };
		FAD276331C9BD837006819FF /* Node.swift in Sources */ = {isa = PBXBuildFile; fileRef = FA5A2E451C9AE32F0041F55E /* Node.swift */; };
		FAD276391C9BF3D1006819FF /* BreadthFirstSearch.swift in Sources */ = {isa = PBXBuildFile; fileRef = FAD276381C9BF3D1006819FF /* BreadthFirstSearch.swift */; };
		FAD2763D1C9C0D26006819FF /* BreadthFirstSearch.swift in Sources */ = {isa = PBXBuildFile; fileRef = FAD276381C9BF3D1006819FF /* BreadthFirstSearch.swift */; };
		FAD6F4CF1CC244FB00647821 /* EuclideanDistance.swift in Sources */ = {isa = PBXBuildFile; fileRef = FAD6F4CE1CC244FB00647821 /* EuclideanDistance.swift */; };
		FAD6F4D11CC248A200647821 /* ChebyshevDistance.swift in Sources */ = {isa = PBXBuildFile; fileRef = FAD6F4D01CC248A200647821 /* ChebyshevDistance.swift */; };
		FAD6F4D21CC24EFD00647821 /* ChebyshevDistance.swift in Sources */ = {isa = PBXBuildFile; fileRef = FAD6F4D01CC248A200647821 /* ChebyshevDistance.swift */; };
		FAD6F4D31CC24F0000647821 /* EuclideanDistance.swift in Sources */ = {isa = PBXBuildFile; fileRef = FAD6F4CE1CC244FB00647821 /* EuclideanDistance.swift */; };
		FADD5FFE1CBF5DA000A25CC5 /* RandomState.swift in Sources */ = {isa = PBXBuildFile; fileRef = FADD5FFD1CBF5DA000A25CC5 /* RandomState.swift */; };
		FADD5FFF1CBF5E1C00A25CC5 /* RandomState.swift in Sources */ = {isa = PBXBuildFile; fileRef = FADD5FFD1CBF5DA000A25CC5 /* RandomState.swift */; };
		FADD60021CBF5F5300A25CC5 /* SearchTest+PerformanceTest.swift in Sources */ = {isa = PBXBuildFile; fileRef = FADD60001CBF5F4100A25CC5 /* SearchTest+PerformanceTest.swift */; };
		FADD60051CBF612000A25CC5 /* RandomStateSearchTests.swift in Sources */ = {isa = PBXBuildFile; fileRef = FADD60031CBF611800A25CC5 /* RandomStateSearchTests.swift */; };
		FAE0F9CD1C9D35D40036C436 /* Frontier.swift in Sources */ = {isa = PBXBuildFile; fileRef = FAE0F9CC1C9D35D40036C436 /* Frontier.swift */; };
		FAE0F9D01C9D3D540036C436 /* Frontier.swift in Sources */ = {isa = PBXBuildFile; fileRef = FAE0F9CC1C9D35D40036C436 /* Frontier.swift */; };
		FAE0F9D41C9E2C380036C436 /* LifoFrontier.swift in Sources */ = {isa = PBXBuildFile; fileRef = FAE0F9D31C9E2C380036C436 /* LifoFrontier.swift */; };
		FAE0F9D61C9E2C480036C436 /* FifoFrontier.swift in Sources */ = {isa = PBXBuildFile; fileRef = FAE0F9D51C9E2C480036C436 /* FifoFrontier.swift */; };
		FAE0F9D91C9E2C800036C436 /* FifoFrontier.swift in Sources */ = {isa = PBXBuildFile; fileRef = FAE0F9D51C9E2C480036C436 /* FifoFrontier.swift */; };
		FAE0F9DA1C9E2C820036C436 /* LifoFrontier.swift in Sources */ = {isa = PBXBuildFile; fileRef = FAE0F9D31C9E2C380036C436 /* LifoFrontier.swift */; };
		FAFAA78B1CB380DF0018516F /* IterativeDeepeningAStarSearch.swift in Sources */ = {isa = PBXBuildFile; fileRef = FAFAA78A1CB380DF0018516F /* IterativeDeepeningAStarSearch.swift */; };
		FAFB45EB1C9B6E6D0093DB92 /* DepthFirstSearch.swift in Sources */ = {isa = PBXBuildFile; fileRef = FAFB45EA1C9B6E6D0093DB92 /* DepthFirstSearch.swift */; };
/* End PBXBuildFile section */

/* Begin PBXContainerItemProxy section */
		FA5A2E8A1C9AEC940041F55E /* PBXContainerItemProxy */ = {
			isa = PBXContainerItemProxy;
			containerPortal = FA5A2E271C9AE3020041F55E /* Project object */;
			proxyType = 1;
			remoteGlobalIDString = FA5A2E2E1C9AE3020041F55E;
			remoteInfo = PuzzleProblem;
		};
/* End PBXContainerItemProxy section */

/* Begin PBXCopyFilesBuildPhase section */
		FA5A2E2D1C9AE3020041F55E /* CopyFiles */ = {
			isa = PBXCopyFilesBuildPhase;
			buildActionMask = 2147483647;
			dstPath = /usr/share/man/man1/;
			dstSubfolderSpec = 0;
			files = (
			);
			runOnlyForDeploymentPostprocessing = 1;
		};
/* End PBXCopyFilesBuildPhase section */

/* Begin PBXFileReference section */
		FA0BE82F1C9B9D270007E49D /* Action.swift */ = {isa = PBXFileReference; fileEncoding = 4; lastKnownFileType = sourcecode.swift; path = Action.swift; sourceTree = "<group>"; };
		FA17F5921CAF66AB009D3EBD /* PuzzleRenderer.swift */ = {isa = PBXFileReference; fileEncoding = 4; lastKnownFileType = sourcecode.swift; path = PuzzleRenderer.swift; sourceTree = "<group>"; };
		FA17F5941CAF69DB009D3EBD /* TileRenderer.swift */ = {isa = PBXFileReference; fileEncoding = 4; lastKnownFileType = sourcecode.swift; path = TileRenderer.swift; sourceTree = "<group>"; };
		FA17F5981CAF7948009D3EBD /* PuzzleRendererTests.swift */ = {isa = PBXFileReference; fileEncoding = 4; lastKnownFileType = sourcecode.swift; name = PuzzleRendererTests.swift; path = PuzzleSolverTests/PuzzleRendererTests.swift; sourceTree = "<group>"; };
		FA17F59E1CAF95CD009D3EBD /* SearchMethodObserver.swift */ = {isa = PBXFileReference; fileEncoding = 4; lastKnownFileType = sourcecode.swift; path = SearchMethodObserver.swift; sourceTree = "<group>"; };
		FA22936C1CA6A48400032463 /* EvaluatedFrontier.swift */ = {isa = PBXFileReference; fileEncoding = 4; lastKnownFileType = sourcecode.swift; path = EvaluatedFrontier.swift; sourceTree = "<group>"; };
		FA22936E1CA6AF2000032463 /* FrontierTests.swift */ = {isa = PBXFileReference; fileEncoding = 4; lastKnownFileType = sourcecode.swift; path = FrontierTests.swift; sourceTree = "<group>"; };
		FA4335061CAA064D00FE5C24 /* GreedyBestFirstSearch.swift */ = {isa = PBXFileReference; fileEncoding = 4; lastKnownFileType = sourcecode.swift; path = GreedyBestFirstSearch.swift; sourceTree = "<group>"; };
		FA4335081CAA0C2F00FE5C24 /* EvaluationFunction.swift */ = {isa = PBXFileReference; fileEncoding = 4; lastKnownFileType = sourcecode.swift; path = EvaluationFunction.swift; sourceTree = "<group>"; };
		FA43350B1CAA0F0800FE5C24 /* HeuristicOnlyEvaluation.swift */ = {isa = PBXFileReference; fileEncoding = 4; lastKnownFileType = sourcecode.swift; path = HeuristicOnlyEvaluation.swift; sourceTree = "<group>"; };
		FA43350D1CAA116900FE5C24 /* HeuristicAndPathCostEvaluation.swift */ = {isa = PBXFileReference; fileEncoding = 4; lastKnownFileType = sourcecode.swift; path = HeuristicAndPathCostEvaluation.swift; sourceTree = "<group>"; };
		FA4335121CAB540500FE5C24 /* AStarSearch.swift */ = {isa = PBXFileReference; fileEncoding = 4; lastKnownFileType = sourcecode.swift; path = AStarSearch.swift; sourceTree = "<group>"; };
		FA4B2B8F1CAE691F005878E1 /* DepthLimitedSearch.swift */ = {isa = PBXFileReference; fileEncoding = 4; lastKnownFileType = sourcecode.swift; path = DepthLimitedSearch.swift; sourceTree = "<group>"; };
		FA5A2E2F1C9AE3020041F55E /* PuzzleProblem */ = {isa = PBXFileReference; explicitFileType = "compiled.mach-o.executable"; includeInIndex = 0; path = PuzzleProblem; sourceTree = BUILT_PRODUCTS_DIR; };
		FA5A2E321C9AE3020041F55E /* main.swift */ = {isa = PBXFileReference; lastKnownFileType = sourcecode.swift; path = main.swift; sourceTree = "<group>"; };
		FA5A2E451C9AE32F0041F55E /* Node.swift */ = {isa = PBXFileReference; fileEncoding = 4; lastKnownFileType = sourcecode.swift; path = Node.swift; sourceTree = "<group>"; };
		FA5A2E471C9AE3470041F55E /* State.swift */ = {isa = PBXFileReference; fileEncoding = 4; lastKnownFileType = sourcecode.swift; path = State.swift; sourceTree = "<group>"; };
		FA5A2E491C9AE3530041F55E /* Direction.swift */ = {isa = PBXFileReference; fileEncoding = 4; lastKnownFileType = sourcecode.swift; path = Direction.swift; sourceTree = "<group>"; };
		FA5A2E821C9AEC6A0041F55E /* PuzzleProblemTests.xctest */ = {isa = PBXFileReference; explicitFileType = wrapper.cfbundle; includeInIndex = 0; path = PuzzleProblemTests.xctest; sourceTree = BUILT_PRODUCTS_DIR; };
		FA5A2E841C9AEC6A0041F55E /* StateTests.swift */ = {isa = PBXFileReference; lastKnownFileType = sourcecode.swift; path = StateTests.swift; sourceTree = "<group>"; };
		FA5A2E861C9AEC6A0041F55E /* Info.plist */ = {isa = PBXFileReference; lastKnownFileType = text.plist.xml; path = Info.plist; sourceTree = "<group>"; };
		FA5A2E931C9AF2570041F55E /* FileParser.swift */ = {isa = PBXFileReference; fileEncoding = 4; lastKnownFileType = sourcecode.swift; path = FileParser.swift; sourceTree = "<group>"; };
		FA5C595E1CAE98A500B7048C /* RandomisedFrontier.swift */ = {isa = PBXFileReference; fileEncoding = 4; lastKnownFileType = sourcecode.swift; path = RandomisedFrontier.swift; sourceTree = "<group>"; };
		FA5C59601CAE994000B7048C /* MutableCollectionType+Shuffle.swift */ = {isa = PBXFileReference; fileEncoding = 4; lastKnownFileType = sourcecode.swift; path = "MutableCollectionType+Shuffle.swift"; sourceTree = "<group>"; };
		FA5C59621CAE99D100B7048C /* CrossPlatformRandom.swift */ = {isa = PBXFileReference; fileEncoding = 4; lastKnownFileType = sourcecode.swift; path = CrossPlatformRandom.swift; sourceTree = "<group>"; };
		FA5C59641CAE9AF200B7048C /* BogosortSearch.swift */ = {isa = PBXFileReference; fileEncoding = 4; lastKnownFileType = sourcecode.swift; path = BogosortSearch.swift; sourceTree = "<group>"; };
		FA5C596B1CAE9EC900B7048C /* X11.swift */ = {isa = PBXFileReference; fileEncoding = 4; lastKnownFileType = sourcecode.swift; path = X11.swift; sourceTree = "<group>"; };
		FA5C596D1CAE9F0900B7048C /* libX11.6.dylib */ = {isa = PBXFileReference; lastKnownFileType = "compiled.mach-o.dylib"; name = libX11.6.dylib; path = ../../../../../opt/X11/lib/libX11.6.dylib; sourceTree = "<group>"; };
		FA7439341CA285C1009411C2 /* SearchMethod.swift */ = {isa = PBXFileReference; fileEncoding = 4; lastKnownFileType = sourcecode.swift; path = SearchMethod.swift; sourceTree = "<group>"; };
		FA86428F1C9B8B26009FC7D1 /* PositionTests.swift */ = {isa = PBXFileReference; fileEncoding = 4; lastKnownFileType = sourcecode.swift; path = PositionTests.swift; sourceTree = "<group>"; };
		FA88CEC81C9B831600DF8B66 /* Position.swift */ = {isa = PBXFileReference; fileEncoding = 4; lastKnownFileType = sourcecode.swift; path = Position.swift; sourceTree = "<group>"; };
		FAB1A9781CB1E39B0033B8B7 /* IsValidStateTests.swift */ = {isa = PBXFileReference; fileEncoding = 4; lastKnownFileType = sourcecode.swift; name = IsValidStateTests.swift; path = PuzzleSolverTests/IsValidStateTests.swift; sourceTree = "<group>"; };
		FABCA38B1CAE5EBD0060CC07 /* SearchTraversalTests.swift */ = {isa = PBXFileReference; fileEncoding = 4; lastKnownFileType = sourcecode.swift; path = SearchTraversalTests.swift; sourceTree = "<group>"; };
		FAD0AEAB1CA54C24005BA51E /* HeuristicFunction.swift */ = {isa = PBXFileReference; fileEncoding = 4; lastKnownFileType = sourcecode.swift; path = HeuristicFunction.swift; sourceTree = "<group>"; };
		FAD0AEAD1CA54D56005BA51E /* MisplacedTilesCount.swift */ = {isa = PBXFileReference; fileEncoding = 4; lastKnownFileType = sourcecode.swift; path = MisplacedTilesCount.swift; sourceTree = "<group>"; };
		FAD0AEB11CA555A8005BA51E /* HeuristicTests.swift */ = {isa = PBXFileReference; fileEncoding = 4; lastKnownFileType = sourcecode.swift; path = HeuristicTests.swift; sourceTree = "<group>"; };
		FAD0AEB31CA55B46005BA51E /* ManhattanDistance.swift */ = {isa = PBXFileReference; fileEncoding = 4; lastKnownFileType = sourcecode.swift; path = ManhattanDistance.swift; sourceTree = "<group>"; };
		FAD2762F1C9BA7FB006819FF /* Solver.swift */ = {isa = PBXFileReference; fileEncoding = 4; lastKnownFileType = sourcecode.swift; path = Solver.swift; sourceTree = "<group>"; };
		FAD276311C9BD6AA006819FF /* NodeTests.swift */ = {isa = PBXFileReference; fileEncoding = 4; lastKnownFileType = sourcecode.swift; path = NodeTests.swift; sourceTree = "<group>"; };
		FAD276381C9BF3D1006819FF /* BreadthFirstSearch.swift */ = {isa = PBXFileReference; fileEncoding = 4; lastKnownFileType = sourcecode.swift; path = BreadthFirstSearch.swift; sourceTree = "<group>"; };
		FAD2763B1C9C0BBF006819FF /* StaticStateSearchTests.swift */ = {isa = PBXFileReference; fileEncoding = 4; lastKnownFileType = sourcecode.swift; name = StaticStateSearchTests.swift; path = PuzzleSolverTests/StaticStateSearchTests.swift; sourceTree = "<group>"; };
		FAD6F4CE1CC244FB00647821 /* EuclideanDistance.swift */ = {isa = PBXFileReference; fileEncoding = 4; lastKnownFileType = sourcecode.swift; path = EuclideanDistance.swift; sourceTree = "<group>"; };
		FAD6F4D01CC248A200647821 /* ChebyshevDistance.swift */ = {isa = PBXFileReference; fileEncoding = 4; lastKnownFileType = sourcecode.swift; path = ChebyshevDistance.swift; sourceTree = "<group>"; };
		FADD5FFD1CBF5DA000A25CC5 /* RandomState.swift */ = {isa = PBXFileReference; fileEncoding = 4; lastKnownFileType = sourcecode.swift; name = RandomState.swift; path = PuzzleSolverTests/RandomState.swift; sourceTree = "<group>"; };
		FADD60001CBF5F4100A25CC5 /* SearchTest+PerformanceTest.swift */ = {isa = PBXFileReference; fileEncoding = 4; lastKnownFileType = sourcecode.swift; name = "SearchTest+PerformanceTest.swift"; path = "PuzzleSolverTests/SearchTest+PerformanceTest.swift"; sourceTree = "<group>"; };
		FADD60031CBF611800A25CC5 /* RandomStateSearchTests.swift */ = {isa = PBXFileReference; fileEncoding = 4; lastKnownFileType = sourcecode.swift; name = RandomStateSearchTests.swift; path = PuzzleSolverTests/RandomStateSearchTests.swift; sourceTree = "<group>"; };
		FAE0F9CC1C9D35D40036C436 /* Frontier.swift */ = {isa = PBXFileReference; fileEncoding = 4; lastKnownFileType = sourcecode.swift; path = Frontier.swift; sourceTree = "<group>"; };
		FAE0F9D31C9E2C380036C436 /* LifoFrontier.swift */ = {isa = PBXFileReference; fileEncoding = 4; lastKnownFileType = sourcecode.swift; path = LifoFrontier.swift; sourceTree = "<group>"; };
		FAE0F9D51C9E2C480036C436 /* FifoFrontier.swift */ = {isa = PBXFileReference; fileEncoding = 4; lastKnownFileType = sourcecode.swift; path = FifoFrontier.swift; sourceTree = "<group>"; };
		FAFAA78A1CB380DF0018516F /* IterativeDeepeningAStarSearch.swift */ = {isa = PBXFileReference; fileEncoding = 4; lastKnownFileType = sourcecode.swift; path = IterativeDeepeningAStarSearch.swift; sourceTree = "<group>"; };
		FAFB45EA1C9B6E6D0093DB92 /* DepthFirstSearch.swift */ = {isa = PBXFileReference; fileEncoding = 4; lastKnownFileType = sourcecode.swift; path = DepthFirstSearch.swift; sourceTree = "<group>"; };
/* End PBXFileReference section */

/* Begin PBXFrameworksBuildPhase section */
		FA5A2E2C1C9AE3020041F55E /* Frameworks */ = {
			isa = PBXFrameworksBuildPhase;
			buildActionMask = 2147483647;
			files = (
				FA5C596E1CAE9F0900B7048C /* libX11.6.dylib in Frameworks */,
			);
			runOnlyForDeploymentPostprocessing = 0;
		};
		FA5A2E7F1C9AEC6A0041F55E /* Frameworks */ = {
			isa = PBXFrameworksBuildPhase;
			buildActionMask = 2147483647;
			files = (
				FA17F59D1CAF7A7C009D3EBD /* libX11.6.dylib in Frameworks */,
			);
			runOnlyForDeploymentPostprocessing = 0;
		};
/* End PBXFrameworksBuildPhase section */

/* Begin PBXGroup section */
		FA124EC01CA61FFA00CAACC5 /* PuzzleProblemSearchTests */ = {
			isa = PBXGroup;
			children = (
				FADD5FFD1CBF5DA000A25CC5 /* RandomState.swift */,
				FAD2763B1C9C0BBF006819FF /* StaticStateSearchTests.swift */,
				FAB1A9781CB1E39B0033B8B7 /* IsValidStateTests.swift */,
				FADD60001CBF5F4100A25CC5 /* SearchTest+PerformanceTest.swift */,
				FADD60031CBF611800A25CC5 /* RandomStateSearchTests.swift */,
			);
			name = PuzzleProblemSearchTests;
			sourceTree = "<group>";
		};
		FA17F5961CAF7901009D3EBD /* PuzzleGuiTests */ = {
			isa = PBXGroup;
			children = (
				FA17F5981CAF7948009D3EBD /* PuzzleRendererTests.swift */,
			);
			name = PuzzleGuiTests;
			sourceTree = "<group>";
		};
		FA22936B1CA6A46000032463 /* Utilities */ = {
			isa = PBXGroup;
			children = (
				FA5A2E931C9AF2570041F55E /* FileParser.swift */,
				FA5C59601CAE994000B7048C /* MutableCollectionType+Shuffle.swift */,
				FA5C59621CAE99D100B7048C /* CrossPlatformRandom.swift */,
			);
			name = Utilities;
			sourceTree = "<group>";
		};
		FA43350A1CAA0EC300FE5C24 /* Evaluation Functions */ = {
			isa = PBXGroup;
			children = (
				FA4335081CAA0C2F00FE5C24 /* EvaluationFunction.swift */,
				FA43350B1CAA0F0800FE5C24 /* HeuristicOnlyEvaluation.swift */,
				FA43350D1CAA116900FE5C24 /* HeuristicAndPathCostEvaluation.swift */,
			);
			name = "Evaluation Functions";
			sourceTree = "<group>";
		};
		FA5A2E261C9AE3020041F55E = {
			isa = PBXGroup;
			children = (
				FA5C596D1CAE9F0900B7048C /* libX11.6.dylib */,
				FA5A2E311C9AE3020041F55E /* PuzzleProblem */,
				FA5A2E831C9AEC6A0041F55E /* PuzzleProblemUnitTests */,
				FA124EC01CA61FFA00CAACC5 /* PuzzleProblemSearchTests */,
				FA17F5961CAF7901009D3EBD /* PuzzleGuiTests */,
				FA5A2E301C9AE3020041F55E /* Products */,
			);
			sourceTree = "<group>";
		};
		FA5A2E301C9AE3020041F55E /* Products */ = {
			isa = PBXGroup;
			children = (
				FA5A2E2F1C9AE3020041F55E /* PuzzleProblem */,
				FA5A2E821C9AEC6A0041F55E /* PuzzleProblemTests.xctest */,
			);
			name = Products;
			sourceTree = "<group>";
		};
		FA5A2E311C9AE3020041F55E /* PuzzleProblem */ = {
			isa = PBXGroup;
			children = (
				FA5A2E321C9AE3020041F55E /* main.swift */,
				FA5C596A1CAE9E8500B7048C /* GUI */,
				FA22936B1CA6A46000032463 /* Utilities */,
				FAE0F9DC1C9E2CD40036C436 /* Search Methods */,
				FAE0F9DF1C9E2D200036C436 /* Tree Models */,
				FAE0F9DE1C9E2D080036C436 /* Search Data Structures */,
				FAE0F9E01C9E2D9D0036C436 /* Search Models */,
			);
			path = PuzzleProblem;
			sourceTree = "<group>";
		};
		FA5A2E831C9AEC6A0041F55E /* PuzzleProblemUnitTests */ = {
			isa = PBXGroup;
			children = (
				FABCA38B1CAE5EBD0060CC07 /* SearchTraversalTests.swift */,
				FA5A2E841C9AEC6A0041F55E /* StateTests.swift */,
				FA86428F1C9B8B26009FC7D1 /* PositionTests.swift */,
				FAD276311C9BD6AA006819FF /* NodeTests.swift */,
				FAD0AEB11CA555A8005BA51E /* HeuristicTests.swift */,
				FA22936E1CA6AF2000032463 /* FrontierTests.swift */,
				FA5A2E861C9AEC6A0041F55E /* Info.plist */,
			);
			name = PuzzleProblemUnitTests;
			path = PuzzleSolverTests;
			sourceTree = "<group>";
		};
		FA5C596A1CAE9E8500B7048C /* GUI */ = {
			isa = PBXGroup;
			children = (
				FA5C596B1CAE9EC900B7048C /* X11.swift */,
				FA17F5921CAF66AB009D3EBD /* PuzzleRenderer.swift */,
				FA17F5941CAF69DB009D3EBD /* TileRenderer.swift */,
			);
			name = GUI;
			sourceTree = "<group>";
		};
		FAD0AEAA1CA54C12005BA51E /* Heuristic Functions */ = {
			isa = PBXGroup;
			children = (
				FAD0AEAB1CA54C24005BA51E /* HeuristicFunction.swift */,
				FAD0AEAD1CA54D56005BA51E /* MisplacedTilesCount.swift */,
				FAD0AEB31CA55B46005BA51E /* ManhattanDistance.swift */,
				FAD6F4CE1CC244FB00647821 /* EuclideanDistance.swift */,
				FAD6F4D01CC248A200647821 /* ChebyshevDistance.swift */,
			);
			name = "Heuristic Functions";
			sourceTree = "<group>";
		};
		FAE0F9DC1C9E2CD40036C436 /* Search Methods */ = {
			isa = PBXGroup;
			children = (
				FA43350A1CAA0EC300FE5C24 /* Evaluation Functions */,
				FAD0AEAA1CA54C12005BA51E /* Heuristic Functions */,
				FA7439341CA285C1009411C2 /* SearchMethod.swift */,
				FA17F59E1CAF95CD009D3EBD /* SearchMethodObserver.swift */,
				FAFB45EA1C9B6E6D0093DB92 /* DepthFirstSearch.swift */,
				FA4B2B8F1CAE691F005878E1 /* DepthLimitedSearch.swift */,
				FAD276381C9BF3D1006819FF /* BreadthFirstSearch.swift */,
				FA4335061CAA064D00FE5C24 /* GreedyBestFirstSearch.swift */,
				FA4335121CAB540500FE5C24 /* AStarSearch.swift */,
				FA5C59641CAE9AF200B7048C /* BogosortSearch.swift */,
				FAFAA78A1CB380DF0018516F /* IterativeDeepeningAStarSearch.swift */,
			);
			name = "Search Methods";
			sourceTree = "<group>";
		};
		FAE0F9DE1C9E2D080036C436 /* Search Data Structures */ = {
			isa = PBXGroup;
			children = (
				FAE0F9CC1C9D35D40036C436 /* Frontier.swift */,
				FAE0F9D31C9E2C380036C436 /* LifoFrontier.swift */,
				FAE0F9D51C9E2C480036C436 /* FifoFrontier.swift */,
				FA22936C1CA6A48400032463 /* EvaluatedFrontier.swift */,
				FA5C595E1CAE98A500B7048C /* RandomisedFrontier.swift */,
			);
			name = "Search Data Structures";
			sourceTree = "<group>";
		};
		FAE0F9DF1C9E2D200036C436 /* Tree Models */ = {
			isa = PBXGroup;
			children = (
				FA5A2E451C9AE32F0041F55E /* Node.swift */,
				FA5A2E471C9AE3470041F55E /* State.swift */,
				FA88CEC81C9B831600DF8B66 /* Position.swift */,
				FA5A2E491C9AE3530041F55E /* Direction.swift */,
				FA0BE82F1C9B9D270007E49D /* Action.swift */,
			);
			name = "Tree Models";
			sourceTree = "<group>";
		};
		FAE0F9E01C9E2D9D0036C436 /* Search Models */ = {
			isa = PBXGroup;
			children = (
				FAD2762F1C9BA7FB006819FF /* Solver.swift */,
			);
			name = "Search Models";
			sourceTree = "<group>";
		};
/* End PBXGroup section */

/* Begin PBXNativeTarget section */
		FA5A2E2E1C9AE3020041F55E /* PuzzleProblem */ = {
			isa = PBXNativeTarget;
			buildConfigurationList = FA5A2E361C9AE3020041F55E /* Build configuration list for PBXNativeTarget "PuzzleProblem" */;
			buildPhases = (
				FA5A2E2B1C9AE3020041F55E /* Sources */,
				FA5A2E2C1C9AE3020041F55E /* Frameworks */,
				FA5A2E2D1C9AE3020041F55E /* CopyFiles */,
			);
			buildRules = (
			);
			dependencies = (
			);
			name = PuzzleProblem;
			productName = PuzzleProblem;
			productReference = FA5A2E2F1C9AE3020041F55E /* PuzzleProblem */;
			productType = "com.apple.product-type.tool";
		};
		FA5A2E811C9AEC6A0041F55E /* PuzzleProblemTests */ = {
			isa = PBXNativeTarget;
			buildConfigurationList = FA5A2E871C9AEC6A0041F55E /* Build configuration list for PBXNativeTarget "PuzzleProblemTests" */;
			buildPhases = (
				FA5A2E7E1C9AEC6A0041F55E /* Sources */,
				FA5A2E7F1C9AEC6A0041F55E /* Frameworks */,
				FA5A2E801C9AEC6A0041F55E /* Resources */,
			);
			buildRules = (
			);
			dependencies = (
				FA5A2E8B1C9AEC940041F55E /* PBXTargetDependency */,
			);
			name = PuzzleProblemTests;
			productName = PuzzleSolverTests;
			productReference = FA5A2E821C9AEC6A0041F55E /* PuzzleProblemTests.xctest */;
			productType = "com.apple.product-type.bundle.unit-test";
		};
/* End PBXNativeTarget section */

/* Begin PBXProject section */
		FA5A2E271C9AE3020041F55E /* Project object */ = {
			isa = PBXProject;
			attributes = {
				LastSwiftUpdateCheck = 0720;
				LastUpgradeCheck = 0720;
				ORGANIZATIONNAME = Alex;
				TargetAttributes = {
					FA5A2E2E1C9AE3020041F55E = {
						CreatedOnToolsVersion = 7.2.1;
					};
					FA5A2E811C9AEC6A0041F55E = {
						CreatedOnToolsVersion = 7.2.1;
					};
				};
			};
			buildConfigurationList = FA5A2E2A1C9AE3020041F55E /* Build configuration list for PBXProject "PuzzleProblem" */;
			compatibilityVersion = "Xcode 3.2";
			developmentRegion = English;
			hasScannedForEncodings = 0;
			knownRegions = (
				en,
			);
			mainGroup = FA5A2E261C9AE3020041F55E;
			productRefGroup = FA5A2E301C9AE3020041F55E /* Products */;
			projectDirPath = "";
			projectRoot = "";
			targets = (
				FA5A2E2E1C9AE3020041F55E /* PuzzleProblem */,
				FA5A2E811C9AEC6A0041F55E /* PuzzleProblemTests */,
			);
		};
/* End PBXProject section */

/* Begin PBXResourcesBuildPhase section */
		FA5A2E801C9AEC6A0041F55E /* Resources */ = {
			isa = PBXResourcesBuildPhase;
			buildActionMask = 2147483647;
			files = (
			);
			runOnlyForDeploymentPostprocessing = 0;
		};
/* End PBXResourcesBuildPhase section */

/* Begin PBXSourcesBuildPhase section */
		FA5A2E2B1C9AE3020041F55E /* Sources */ = {
			isa = PBXSourcesBuildPhase;
			buildActionMask = 2147483647;
			files = (
				FA5C596C1CAE9EC900B7048C /* X11.swift in Sources */,
				FA7439351CA285C1009411C2 /* SearchMethod.swift in Sources */,
				FA5A2E941C9AF2570041F55E /* FileParser.swift in Sources */,
				FA17F5951CAF69DB009D3EBD /* TileRenderer.swift in Sources */,
				FA4335131CAB540500FE5C24 /* AStarSearch.swift in Sources */,
				FA4335091CAA0C2F00FE5C24 /* EvaluationFunction.swift in Sources */,
				FAD0AEB41CA55B46005BA51E /* ManhattanDistance.swift in Sources */,
				FA0BE8301C9B9D270007E49D /* Action.swift in Sources */,
				FA4B2B901CAE691F005878E1 /* DepthLimitedSearch.swift in Sources */,
				FA43350E1CAA116900FE5C24 /* HeuristicAndPathCostEvaluation.swift in Sources */,
				FAD276301C9BA7FB006819FF /* Solver.swift in Sources */,
				FA5A2E331C9AE3020041F55E /* main.swift in Sources */,
				FA5A2E461C9AE32F0041F55E /* Node.swift in Sources */,
				FAE0F9CD1C9D35D40036C436 /* Frontier.swift in Sources */,
				FA5A2E481C9AE3470041F55E /* State.swift in Sources */,
				FAE0F9D61C9E2C480036C436 /* FifoFrontier.swift in Sources */,
				FA43350C1CAA0F0800FE5C24 /* HeuristicOnlyEvaluation.swift in Sources */,
				FAD0AEAC1CA54C24005BA51E /* HeuristicFunction.swift in Sources */,
				FAFAA78B1CB380DF0018516F /* IterativeDeepeningAStarSearch.swift in Sources */,
				FA5C59651CAE9AF200B7048C /* BogosortSearch.swift in Sources */,
				FAFB45EB1C9B6E6D0093DB92 /* DepthFirstSearch.swift in Sources */,
				FA17F59F1CAF95CD009D3EBD /* SearchMethodObserver.swift in Sources */,
				FAD0AEAE1CA54D56005BA51E /* MisplacedTilesCount.swift in Sources */,
				FA17F5931CAF66AB009D3EBD /* PuzzleRenderer.swift in Sources */,
				FA88CEC91C9B831600DF8B66 /* Position.swift in Sources */,
				FA5A2E4A1C9AE3530041F55E /* Direction.swift in Sources */,
				FAE0F9D41C9E2C380036C436 /* LifoFrontier.swift in Sources */,
				FAD6F4CF1CC244FB00647821 /* EuclideanDistance.swift in Sources */,
				FA22936D1CA6A48400032463 /* EvaluatedFrontier.swift in Sources */,
				FADD5FFE1CBF5DA000A25CC5 /* RandomState.swift in Sources */,
				FAD6F4D11CC248A200647821 /* ChebyshevDistance.swift in Sources */,
				FA4335071CAA064D00FE5C24 /* GreedyBestFirstSearch.swift in Sources */,
				FA5C595F1CAE98A500B7048C /* RandomisedFrontier.swift in Sources */,
				FA5C59611CAE994000B7048C /* MutableCollectionType+Shuffle.swift in Sources */,
				FA5C59631CAE99D100B7048C /* CrossPlatformRandom.swift in Sources */,
				FAD276391C9BF3D1006819FF /* BreadthFirstSearch.swift in Sources */,
			);
			runOnlyForDeploymentPostprocessing = 0;
		};
		FA5A2E7E1C9AEC6A0041F55E /* Sources */ = {
			isa = PBXSourcesBuildPhase;
			buildActionMask = 2147483647;
			files = (
				FADD60021CBF5F5300A25CC5 /* SearchTest+PerformanceTest.swift in Sources */,
				FA7439361CA285E6009411C2 /* SearchMethod.swift in Sources */,
				FAD6F4D21CC24EFD00647821 /* ChebyshevDistance.swift in Sources */,
				FA4335101CAA140200FE5C24 /* HeuristicOnlyEvaluation.swift in Sources */,
				FAE0F9D01C9D3D540036C436 /* Frontier.swift in Sources */,
				FA5A2E851C9AEC6A0041F55E /* StateTests.swift in Sources */,
				FA0BE8311C9BA04A0007E49D /* Action.swift in Sources */,
				FA4335151CAB54A900FE5C24 /* HeuristicAndPathCostEvaluation.swift in Sources */,
				FAD0AEAF1CA5507E005BA51E /* HeuristicFunction.swift in Sources */,
				FADD60051CBF612000A25CC5 /* RandomStateSearchTests.swift in Sources */,
				FA17F5991CAF7948009D3EBD /* PuzzleRendererTests.swift in Sources */,
				FA7439371CA286B3009411C2 /* DepthFirstSearch.swift in Sources */,
				FA5C59661CAE9BD000B7048C /* BogosortSearch.swift in Sources */,
				FA7D5D5B1CBCC0A3004AD42D /* Solver.swift in Sources */,
				FA124EC11CA6203F00CAACC5 /* StaticStateSearchTests.swift in Sources */,
				FA4335111CAB520200FE5C24 /* GreedyBestFirstSearch.swift in Sources */,
				FA4335141CAB545B00FE5C24 /* AStarSearch.swift in Sources */,
				FAD0AEB21CA555A8005BA51E /* HeuristicTests.swift in Sources */,
				FA5A2E911C9AECD20041F55E /* State.swift in Sources */,
				FAD276331C9BD837006819FF /* Node.swift in Sources */,
				FA7D5D5C1CBCC310004AD42D /* main.swift in Sources */,
				FA17F59B1CAF797D009D3EBD /* PuzzleRenderer.swift in Sources */,
				FA17F59C1CAF7980009D3EBD /* TileRenderer.swift in Sources */,
				FAD0AEB01CA55597005BA51E /* MisplacedTilesCount.swift in Sources */,
				FAD0AEB51CA55C85005BA51E /* ManhattanDistance.swift in Sources */,
				FA2293701CA6AF3500032463 /* FrontierTests.swift in Sources */,
				FA2293711CA7EA5400032463 /* EvaluatedFrontier.swift in Sources */,
				FA88CECA1C9B835500DF8B66 /* Position.swift in Sources */,
				FA17F59A1CAF797B009D3EBD /* X11.swift in Sources */,
				FA5C595D1CAE752600B7048C /* DepthLimitedSearch.swift in Sources */,
				FA5A2E921C9AECD40041F55E /* Direction.swift in Sources */,
				FA17F5A01CAF97E3009D3EBD /* SearchMethodObserver.swift in Sources */,
				FABCA38C1CAE5EBD0060CC07 /* SearchTraversalTests.swift in Sources */,
				FA8642901C9B8B26009FC7D1 /* PositionTests.swift in Sources */,
				FA43350F1CAA13B900FE5C24 /* EvaluationFunction.swift in Sources */,
				FAB1A97A1CB1E4510033B8B7 /* IsValidStateTests.swift in Sources */,
				FA5C59671CAE9BF700B7048C /* RandomisedFrontier.swift in Sources */,
				FAE0F9D91C9E2C800036C436 /* FifoFrontier.swift in Sources */,
				FA5C59691CAE9C0A00B7048C /* CrossPlatformRandom.swift in Sources */,
				FA7D5D5E1CBCC323004AD42D /* FileParser.swift in Sources */,
				FADD5FFF1CBF5E1C00A25CC5 /* RandomState.swift in Sources */,
				FAD6F4D31CC24F0000647821 /* EuclideanDistance.swift in Sources */,
				FAD2763D1C9C0D26006819FF /* BreadthFirstSearch.swift in Sources */,
				FAD276321C9BD6AA006819FF /* NodeTests.swift in Sources */,
				FA5C59681CAE9C0400B7048C /* MutableCollectionType+Shuffle.swift in Sources */,
				FAE0F9DA1C9E2C820036C436 /* LifoFrontier.swift in Sources */,
				FA7D5D5D1CBCC31F004AD42D /* IterativeDeepeningAStarSearch.swift in Sources */,
			);
			runOnlyForDeploymentPostprocessing = 0;
		};
/* End PBXSourcesBuildPhase section */

/* Begin PBXTargetDependency section */
		FA5A2E8B1C9AEC940041F55E /* PBXTargetDependency */ = {
			isa = PBXTargetDependency;
			target = FA5A2E2E1C9AE3020041F55E /* PuzzleProblem */;
			targetProxy = FA5A2E8A1C9AEC940041F55E /* PBXContainerItemProxy */;
		};
/* End PBXTargetDependency section */

/* Begin XCBuildConfiguration section */
		FA5A2E341C9AE3020041F55E /* Debug */ = {
			isa = XCBuildConfiguration;
			buildSettings = {
				ALWAYS_SEARCH_USER_PATHS = NO;
				CLANG_CXX_LANGUAGE_STANDARD = "gnu++0x";
				CLANG_CXX_LIBRARY = "libc++";
				CLANG_ENABLE_MODULES = YES;
				CLANG_ENABLE_OBJC_ARC = YES;
				CLANG_WARN_BOOL_CONVERSION = YES;
				CLANG_WARN_CONSTANT_CONVERSION = YES;
				CLANG_WARN_DIRECT_OBJC_ISA_USAGE = YES_ERROR;
				CLANG_WARN_EMPTY_BODY = YES;
				CLANG_WARN_ENUM_CONVERSION = YES;
				CLANG_WARN_INT_CONVERSION = YES;
				CLANG_WARN_OBJC_ROOT_CLASS = YES_ERROR;
				CLANG_WARN_UNREACHABLE_CODE = YES;
				CLANG_WARN__DUPLICATE_METHOD_MATCH = YES;
				CODE_SIGN_IDENTITY = "-";
				COPY_PHASE_STRIP = NO;
				DEBUG_INFORMATION_FORMAT = dwarf;
				ENABLE_STRICT_OBJC_MSGSEND = YES;
				ENABLE_TESTABILITY = YES;
				GCC_C_LANGUAGE_STANDARD = gnu99;
				GCC_DYNAMIC_NO_PIC = NO;
				GCC_NO_COMMON_BLOCKS = YES;
				GCC_OPTIMIZATION_LEVEL = 0;
				GCC_PREPROCESSOR_DEFINITIONS = (
					"DEBUG=1",
					"$(inherited)",
				);
				GCC_WARN_64_TO_32_BIT_CONVERSION = YES;
				GCC_WARN_ABOUT_RETURN_TYPE = YES_ERROR;
				GCC_WARN_UNDECLARED_SELECTOR = YES;
				GCC_WARN_UNINITIALIZED_AUTOS = YES_AGGRESSIVE;
				GCC_WARN_UNUSED_FUNCTION = YES;
				GCC_WARN_UNUSED_VARIABLE = YES;
				MACOSX_DEPLOYMENT_TARGET = 10.11;
				MTL_ENABLE_DEBUG_INFO = YES;
				ONLY_ACTIVE_ARCH = YES;
				SDKROOT = macosx;
				SWIFT_OPTIMIZATION_LEVEL = "-Onone";
			};
			name = Debug;
		};
		FA5A2E351C9AE3020041F55E /* Release */ = {
			isa = XCBuildConfiguration;
			buildSettings = {
				ALWAYS_SEARCH_USER_PATHS = NO;
				CLANG_CXX_LANGUAGE_STANDARD = "gnu++0x";
				CLANG_CXX_LIBRARY = "libc++";
				CLANG_ENABLE_MODULES = YES;
				CLANG_ENABLE_OBJC_ARC = YES;
				CLANG_WARN_BOOL_CONVERSION = YES;
				CLANG_WARN_CONSTANT_CONVERSION = YES;
				CLANG_WARN_DIRECT_OBJC_ISA_USAGE = YES_ERROR;
				CLANG_WARN_EMPTY_BODY = YES;
				CLANG_WARN_ENUM_CONVERSION = YES;
				CLANG_WARN_INT_CONVERSION = YES;
				CLANG_WARN_OBJC_ROOT_CLASS = YES_ERROR;
				CLANG_WARN_UNREACHABLE_CODE = YES;
				CLANG_WARN__DUPLICATE_METHOD_MATCH = YES;
				CODE_SIGN_IDENTITY = "-";
				COPY_PHASE_STRIP = NO;
				DEBUG_INFORMATION_FORMAT = "dwarf-with-dsym";
				ENABLE_NS_ASSERTIONS = NO;
				ENABLE_STRICT_OBJC_MSGSEND = YES;
				GCC_C_LANGUAGE_STANDARD = gnu99;
				GCC_NO_COMMON_BLOCKS = YES;
				GCC_WARN_64_TO_32_BIT_CONVERSION = YES;
				GCC_WARN_ABOUT_RETURN_TYPE = YES_ERROR;
				GCC_WARN_UNDECLARED_SELECTOR = YES;
				GCC_WARN_UNINITIALIZED_AUTOS = YES_AGGRESSIVE;
				GCC_WARN_UNUSED_FUNCTION = YES;
				GCC_WARN_UNUSED_VARIABLE = YES;
				MACOSX_DEPLOYMENT_TARGET = 10.11;
				MTL_ENABLE_DEBUG_INFO = NO;
				SDKROOT = macosx;
			};
			name = Release;
		};
		FA5A2E371C9AE3020041F55E /* Debug */ = {
			isa = XCBuildConfiguration;
			buildSettings = {
				DEFINES_MODULE = YES;
				GCC_OPTIMIZATION_LEVEL = fast;
				HEADER_SEARCH_PATHS = "";
				LIBRARY_SEARCH_PATHS = (
					"$(inherited)",
					/usr/local/lib/X11,
				);
				PRODUCT_NAME = "$(TARGET_NAME)";
				SWIFT_INCLUDE_PATHS = "${SRCROOT}/../lib/CX11 /usr/local/include/X11";
				SWIFT_OPTIMIZATION_LEVEL = "-Owholemodule";
			};
			name = Debug;
		};
		FA5A2E381C9AE3020041F55E /* Release */ = {
			isa = XCBuildConfiguration;
			buildSettings = {
				DEFINES_MODULE = YES;
				GCC_OPTIMIZATION_LEVEL = fast;
				HEADER_SEARCH_PATHS = "";
				LIBRARY_SEARCH_PATHS = (
					"$(inherited)",
					/usr/local/lib/X11,
				);
				PRODUCT_NAME = "$(TARGET_NAME)";
				SWIFT_INCLUDE_PATHS = "${SRCROOT}/../lib/CX11 /usr/local/include/X11";
				SWIFT_OPTIMIZATION_LEVEL = "-Owholemodule";
			};
			name = Release;
		};
		FA5A2E881C9AEC6A0041F55E /* Debug */ = {
			isa = XCBuildConfiguration;
			buildSettings = {
				COMBINE_HIDPI_IMAGES = YES;
				GCC_OPTIMIZATION_LEVEL = fast;
				INFOPLIST_FILE = PuzzleSolverTests/Info.plist;
				LD_RUNPATH_SEARCH_PATHS = "$(inherited) @executable_path/../Frameworks @loader_path/../Frameworks";
				LIBRARY_SEARCH_PATHS = (
					"$(inherited)",
					/usr/X11/lib,
				);
				PRODUCT_BUNDLE_IDENTIFIER = me.alexcu.swin.ai.PuzzleSolverTests;
				PRODUCT_NAME = "$(TARGET_NAME)";
				SWIFT_INCLUDE_PATHS = "${SRCROOT}/../lib/CX11 /usr/X11/include";
				SWIFT_OPTIMIZATION_LEVEL = "-Owholemodule";
			};
			name = Debug;
		};
		FA5A2E891C9AEC6A0041F55E /* Release */ = {
			isa = XCBuildConfiguration;
			buildSettings = {
				COMBINE_HIDPI_IMAGES = YES;
				GCC_OPTIMIZATION_LEVEL = fast;
				INFOPLIST_FILE = PuzzleSolverTests/Info.plist;
				LD_RUNPATH_SEARCH_PATHS = "$(inherited) @executable_path/../Frameworks @loader_path/../Frameworks";
				LIBRARY_SEARCH_PATHS = (
					"$(inherited)",
					/usr/X11/lib,
				);
				PRODUCT_BUNDLE_IDENTIFIER = me.alexcu.swin.ai.PuzzleSolverTests;
				PRODUCT_NAME = "$(TARGET_NAME)";
				SWIFT_INCLUDE_PATHS = "${SRCROOT}/../lib/CX11 /usr/X11/include";
				SWIFT_OPTIMIZATION_LEVEL = "-Owholemodule";
			};
			name = Release;
		};
/* End XCBuildConfiguration section */

/* Begin XCConfigurationList section */
		FA5A2E2A1C9AE3020041F55E /* Build configuration list for PBXProject "PuzzleProblem" */ = {
			isa = XCConfigurationList;
			buildConfigurations = (
				FA5A2E341C9AE3020041F55E /* Debug */,
				FA5A2E351C9AE3020041F55E /* Release */,
			);
			defaultConfigurationIsVisible = 0;
			defaultConfigurationName = Release;
		};
		FA5A2E361C9AE3020041F55E /* Build configuration list for PBXNativeTarget "PuzzleProblem" */ = {
			isa = XCConfigurationList;
			buildConfigurations = (
				FA5A2E371C9AE3020041F55E /* Debug */,
				FA5A2E381C9AE3020041F55E /* Release */,
			);
			defaultConfigurationIsVisible = 0;
			defaultConfigurationName = Release;
		};
		FA5A2E871C9AEC6A0041F55E /* Build configuration list for PBXNativeTarget "PuzzleProblemTests" */ = {
			isa = XCConfigurationList;
			buildConfigurations = (
				FA5A2E881C9AEC6A0041F55E /* Debug */,
				FA5A2E891C9AEC6A0041F55E /* Release */,
			);
			defaultConfigurationIsVisible = 0;
			defaultConfigurationName = Release;
		};
/* End XCConfigurationList section */
	};
	rootObject = FA5A2E271C9AE3020041F55E /* Project object */;
}
