// !$*UTF8*$!
{
	archiveVersion = 1;
	classes = {
	};
	objectVersion = 46;
	objects = {

/* Begin PBXBuildFile section */
		FA0BE8301C9B9D270007E49D /* Action.swift in Sources */ = {isa = PBXBuildFile; fileRef = FA0BE82F1C9B9D270007E49D /* Action.swift */; };
		FA0BE8311C9BA04A0007E49D /* Action.swift in Sources */ = {isa = PBXBuildFile; fileRef = FA0BE82F1C9B9D270007E49D /* Action.swift */; };
		FA5A2E331C9AE3020041F55E /* main.swift in Sources */ = {isa = PBXBuildFile; fileRef = FA5A2E321C9AE3020041F55E /* main.swift */; };
		FA5A2E461C9AE32F0041F55E /* Node.swift in Sources */ = {isa = PBXBuildFile; fileRef = FA5A2E451C9AE32F0041F55E /* Node.swift */; };
		FA5A2E481C9AE3470041F55E /* State.swift in Sources */ = {isa = PBXBuildFile; fileRef = FA5A2E471C9AE3470041F55E /* State.swift */; };
		FA5A2E4A1C9AE3530041F55E /* Direction.swift in Sources */ = {isa = PBXBuildFile; fileRef = FA5A2E491C9AE3530041F55E /* Direction.swift */; };
		FA5A2E851C9AEC6A0041F55E /* StateTests.swift in Sources */ = {isa = PBXBuildFile; fileRef = FA5A2E841C9AEC6A0041F55E /* StateTests.swift */; };
		FA5A2E911C9AECD20041F55E /* State.swift in Sources */ = {isa = PBXBuildFile; fileRef = FA5A2E471C9AE3470041F55E /* State.swift */; };
		FA5A2E921C9AECD40041F55E /* Direction.swift in Sources */ = {isa = PBXBuildFile; fileRef = FA5A2E491C9AE3530041F55E /* Direction.swift */; };
		FA5A2E941C9AF2570041F55E /* FileParser.swift in Sources */ = {isa = PBXBuildFile; fileRef = FA5A2E931C9AF2570041F55E /* FileParser.swift */; };
		FA7439351CA285C1009411C2 /* SearchMethod.swift in Sources */ = {isa = PBXBuildFile; fileRef = FA7439341CA285C1009411C2 /* SearchMethod.swift */; };
		FA7439361CA285E6009411C2 /* SearchMethod.swift in Sources */ = {isa = PBXBuildFile; fileRef = FA7439341CA285C1009411C2 /* SearchMethod.swift */; };
		FA7439371CA286B3009411C2 /* DepthFirstSearch.swift in Sources */ = {isa = PBXBuildFile; fileRef = FAFB45EA1C9B6E6D0093DB92 /* DepthFirstSearch.swift */; };
		FA7439391CA424ED009411C2 /* RandomState.swift in Sources */ = {isa = PBXBuildFile; fileRef = FA7439381CA424ED009411C2 /* RandomState.swift */; };
		FA8642901C9B8B26009FC7D1 /* PositionTests.swift in Sources */ = {isa = PBXBuildFile; fileRef = FA86428F1C9B8B26009FC7D1 /* PositionTests.swift */; };
		FA88CEC91C9B831600DF8B66 /* Position.swift in Sources */ = {isa = PBXBuildFile; fileRef = FA88CEC81C9B831600DF8B66 /* Position.swift */; };
		FA88CECA1C9B835500DF8B66 /* Position.swift in Sources */ = {isa = PBXBuildFile; fileRef = FA88CEC81C9B831600DF8B66 /* Position.swift */; };
		FAD276301C9BA7FB006819FF /* Problem.swift in Sources */ = {isa = PBXBuildFile; fileRef = FAD2762F1C9BA7FB006819FF /* Problem.swift */; };
		FAD276321C9BD6AA006819FF /* NodeTests.swift in Sources */ = {isa = PBXBuildFile; fileRef = FAD276311C9BD6AA006819FF /* NodeTests.swift */; };
		FAD276331C9BD837006819FF /* Node.swift in Sources */ = {isa = PBXBuildFile; fileRef = FA5A2E451C9AE32F0041F55E /* Node.swift */; };
		FAD276391C9BF3D1006819FF /* BreadthFirstSearch.swift in Sources */ = {isa = PBXBuildFile; fileRef = FAD276381C9BF3D1006819FF /* BreadthFirstSearch.swift */; };
		FAD2763C1C9C0BBF006819FF /* SearchTests.swift in Sources */ = {isa = PBXBuildFile; fileRef = FAD2763B1C9C0BBF006819FF /* SearchTests.swift */; };
		FAD2763D1C9C0D26006819FF /* BreadthFirstSearch.swift in Sources */ = {isa = PBXBuildFile; fileRef = FAD276381C9BF3D1006819FF /* BreadthFirstSearch.swift */; };
		FAE0F9CD1C9D35D40036C436 /* Frontier.swift in Sources */ = {isa = PBXBuildFile; fileRef = FAE0F9CC1C9D35D40036C436 /* Frontier.swift */; };
		FAE0F9D01C9D3D540036C436 /* Frontier.swift in Sources */ = {isa = PBXBuildFile; fileRef = FAE0F9CC1C9D35D40036C436 /* Frontier.swift */; };
		FAE0F9D21C9E2BD00036C436 /* NodeSet.swift in Sources */ = {isa = PBXBuildFile; fileRef = FAE0F9D11C9E2BD00036C436 /* NodeSet.swift */; };
		FAE0F9D41C9E2C380036C436 /* LifoFrontier.swift in Sources */ = {isa = PBXBuildFile; fileRef = FAE0F9D31C9E2C380036C436 /* LifoFrontier.swift */; };
		FAE0F9D61C9E2C480036C436 /* FifoFrontier.swift in Sources */ = {isa = PBXBuildFile; fileRef = FAE0F9D51C9E2C480036C436 /* FifoFrontier.swift */; };
		FAE0F9D91C9E2C800036C436 /* FifoFrontier.swift in Sources */ = {isa = PBXBuildFile; fileRef = FAE0F9D51C9E2C480036C436 /* FifoFrontier.swift */; };
		FAE0F9DA1C9E2C820036C436 /* LifoFrontier.swift in Sources */ = {isa = PBXBuildFile; fileRef = FAE0F9D31C9E2C380036C436 /* LifoFrontier.swift */; };
		FAE0F9DB1C9E2C840036C436 /* NodeSet.swift in Sources */ = {isa = PBXBuildFile; fileRef = FAE0F9D11C9E2BD00036C436 /* NodeSet.swift */; };
		FAFB45EB1C9B6E6D0093DB92 /* DepthFirstSearch.swift in Sources */ = {isa = PBXBuildFile; fileRef = FAFB45EA1C9B6E6D0093DB92 /* DepthFirstSearch.swift */; };
/* End PBXBuildFile section */

/* Begin PBXContainerItemProxy section */
		FA5A2E8A1C9AEC940041F55E /* PBXContainerItemProxy */ = {
			isa = PBXContainerItemProxy;
			containerPortal = FA5A2E271C9AE3020041F55E /* Project object */;
			proxyType = 1;
			remoteGlobalIDString = FA5A2E2E1C9AE3020041F55E;
			remoteInfo = PuzzleProblem;
		};
/* End PBXContainerItemProxy section */

/* Begin PBXCopyFilesBuildPhase section */
		FA5A2E2D1C9AE3020041F55E /* CopyFiles */ = {
			isa = PBXCopyFilesBuildPhase;
			buildActionMask = 2147483647;
			dstPath = /usr/share/man/man1/;
			dstSubfolderSpec = 0;
			files = (
			);
			runOnlyForDeploymentPostprocessing = 1;
		};
/* End PBXCopyFilesBuildPhase section */

/* Begin PBXFileReference section */
		FA0BE82F1C9B9D270007E49D /* Action.swift */ = {isa = PBXFileReference; fileEncoding = 4; lastKnownFileType = sourcecode.swift; path = Action.swift; sourceTree = "<group>"; };
		FA5A2E2F1C9AE3020041F55E /* PuzzleProblem */ = {isa = PBXFileReference; explicitFileType = "compiled.mach-o.executable"; includeInIndex = 0; path = PuzzleProblem; sourceTree = BUILT_PRODUCTS_DIR; };
		FA5A2E321C9AE3020041F55E /* main.swift */ = {isa = PBXFileReference; lastKnownFileType = sourcecode.swift; path = main.swift; sourceTree = "<group>"; };
		FA5A2E451C9AE32F0041F55E /* Node.swift */ = {isa = PBXFileReference; fileEncoding = 4; lastKnownFileType = sourcecode.swift; path = Node.swift; sourceTree = "<group>"; };
		FA5A2E471C9AE3470041F55E /* State.swift */ = {isa = PBXFileReference; fileEncoding = 4; lastKnownFileType = sourcecode.swift; path = State.swift; sourceTree = "<group>"; };
		FA5A2E491C9AE3530041F55E /* Direction.swift */ = {isa = PBXFileReference; fileEncoding = 4; lastKnownFileType = sourcecode.swift; path = Direction.swift; sourceTree = "<group>"; };
		FA5A2E821C9AEC6A0041F55E /* PuzzleSolverTests.xctest */ = {isa = PBXFileReference; explicitFileType = wrapper.cfbundle; includeInIndex = 0; path = PuzzleSolverTests.xctest; sourceTree = BUILT_PRODUCTS_DIR; };
		FA5A2E841C9AEC6A0041F55E /* StateTests.swift */ = {isa = PBXFileReference; lastKnownFileType = sourcecode.swift; path = StateTests.swift; sourceTree = "<group>"; };
		FA5A2E861C9AEC6A0041F55E /* Info.plist */ = {isa = PBXFileReference; lastKnownFileType = text.plist.xml; path = Info.plist; sourceTree = "<group>"; };
		FA5A2E931C9AF2570041F55E /* FileParser.swift */ = {isa = PBXFileReference; fileEncoding = 4; lastKnownFileType = sourcecode.swift; path = FileParser.swift; sourceTree = "<group>"; };
		FA7439341CA285C1009411C2 /* SearchMethod.swift */ = {isa = PBXFileReference; fileEncoding = 4; lastKnownFileType = sourcecode.swift; path = SearchMethod.swift; sourceTree = "<group>"; };
		FA7439381CA424ED009411C2 /* RandomState.swift */ = {isa = PBXFileReference; fileEncoding = 4; lastKnownFileType = sourcecode.swift; path = RandomState.swift; sourceTree = "<group>"; };
		FA86428F1C9B8B26009FC7D1 /* PositionTests.swift */ = {isa = PBXFileReference; fileEncoding = 4; lastKnownFileType = sourcecode.swift; path = PositionTests.swift; sourceTree = "<group>"; };
		FA88CEC81C9B831600DF8B66 /* Position.swift */ = {isa = PBXFileReference; fileEncoding = 4; lastKnownFileType = sourcecode.swift; path = Position.swift; sourceTree = "<group>"; };
		FAD2762F1C9BA7FB006819FF /* Problem.swift */ = {isa = PBXFileReference; fileEncoding = 4; lastKnownFileType = sourcecode.swift; path = Problem.swift; sourceTree = "<group>"; };
		FAD276311C9BD6AA006819FF /* NodeTests.swift */ = {isa = PBXFileReference; fileEncoding = 4; lastKnownFileType = sourcecode.swift; path = NodeTests.swift; sourceTree = "<group>"; };
		FAD276381C9BF3D1006819FF /* BreadthFirstSearch.swift */ = {isa = PBXFileReference; fileEncoding = 4; lastKnownFileType = sourcecode.swift; path = BreadthFirstSearch.swift; sourceTree = "<group>"; };
		FAD2763B1C9C0BBF006819FF /* SearchTests.swift */ = {isa = PBXFileReference; fileEncoding = 4; lastKnownFileType = sourcecode.swift; path = SearchTests.swift; sourceTree = "<group>"; };
		FAE0F9CC1C9D35D40036C436 /* Frontier.swift */ = {isa = PBXFileReference; fileEncoding = 4; lastKnownFileType = sourcecode.swift; path = Frontier.swift; sourceTree = "<group>"; };
		FAE0F9D11C9E2BD00036C436 /* NodeSet.swift */ = {isa = PBXFileReference; fileEncoding = 4; lastKnownFileType = sourcecode.swift; path = NodeSet.swift; sourceTree = "<group>"; };
		FAE0F9D31C9E2C380036C436 /* LifoFrontier.swift */ = {isa = PBXFileReference; fileEncoding = 4; lastKnownFileType = sourcecode.swift; path = LifoFrontier.swift; sourceTree = "<group>"; };
		FAE0F9D51C9E2C480036C436 /* FifoFrontier.swift */ = {isa = PBXFileReference; fileEncoding = 4; lastKnownFileType = sourcecode.swift; path = FifoFrontier.swift; sourceTree = "<group>"; };
		FAFB45EA1C9B6E6D0093DB92 /* DepthFirstSearch.swift */ = {isa = PBXFileReference; fileEncoding = 4; lastKnownFileType = sourcecode.swift; path = DepthFirstSearch.swift; sourceTree = "<group>"; };
/* End PBXFileReference section */

/* Begin PBXFrameworksBuildPhase section */
		FA5A2E2C1C9AE3020041F55E /* Frameworks */ = {
			isa = PBXFrameworksBuildPhase;
			buildActionMask = 2147483647;
			files = (
			);
			runOnlyForDeploymentPostprocessing = 0;
		};
		FA5A2E7F1C9AEC6A0041F55E /* Frameworks */ = {
			isa = PBXFrameworksBuildPhase;
			buildActionMask = 2147483647;
			files = (
			);
			runOnlyForDeploymentPostprocessing = 0;
		};
/* End PBXFrameworksBuildPhase section */

/* Begin PBXGroup section */
		FA5A2E261C9AE3020041F55E = {
			isa = PBXGroup;
			children = (
				FA5A2E311C9AE3020041F55E /* PuzzleProblem */,
				FA5A2E831C9AEC6A0041F55E /* PuzzleSolverTests */,
				FA5A2E301C9AE3020041F55E /* Products */,
			);
			sourceTree = "<group>";
		};
		FA5A2E301C9AE3020041F55E /* Products */ = {
			isa = PBXGroup;
			children = (
				FA5A2E2F1C9AE3020041F55E /* PuzzleProblem */,
				FA5A2E821C9AEC6A0041F55E /* PuzzleSolverTests.xctest */,
			);
			name = Products;
			sourceTree = "<group>";
		};
		FA5A2E311C9AE3020041F55E /* PuzzleProblem */ = {
			isa = PBXGroup;
			children = (
				FA5A2E321C9AE3020041F55E /* main.swift */,
				FAE0F9DC1C9E2CD40036C436 /* Search Methods */,
				FAE0F9DF1C9E2D200036C436 /* Tree Models */,
				FAE0F9DE1C9E2D080036C436 /* Search Data Structures */,
				FAE0F9E01C9E2D9D0036C436 /* Search Models */,
				FA5A2E931C9AF2570041F55E /* FileParser.swift */,
			);
			path = PuzzleProblem;
			sourceTree = "<group>";
		};
		FA5A2E831C9AEC6A0041F55E /* PuzzleSolverTests */ = {
			isa = PBXGroup;
			children = (
				FA5A2E841C9AEC6A0041F55E /* StateTests.swift */,
				FA86428F1C9B8B26009FC7D1 /* PositionTests.swift */,
				FAD276311C9BD6AA006819FF /* NodeTests.swift */,
				FAD2763B1C9C0BBF006819FF /* SearchTests.swift */,
				FA7439381CA424ED009411C2 /* RandomState.swift */,
				FA5A2E861C9AEC6A0041F55E /* Info.plist */,
			);
			path = PuzzleSolverTests;
			sourceTree = "<group>";
		};
		FAE0F9DC1C9E2CD40036C436 /* Search Methods */ = {
			isa = PBXGroup;
			children = (
				FA7439341CA285C1009411C2 /* SearchMethod.swift */,
				FAFB45EA1C9B6E6D0093DB92 /* DepthFirstSearch.swift */,
				FAD276381C9BF3D1006819FF /* BreadthFirstSearch.swift */,
			);
			name = "Search Methods";
			sourceTree = "<group>";
		};
		FAE0F9DE1C9E2D080036C436 /* Search Data Structures */ = {
			isa = PBXGroup;
			children = (
				FAE0F9CC1C9D35D40036C436 /* Frontier.swift */,
				FAE0F9D11C9E2BD00036C436 /* NodeSet.swift */,
				FAE0F9D31C9E2C380036C436 /* LifoFrontier.swift */,
				FAE0F9D51C9E2C480036C436 /* FifoFrontier.swift */,
			);
			name = "Search Data Structures";
			sourceTree = "<group>";
		};
		FAE0F9DF1C9E2D200036C436 /* Tree Models */ = {
			isa = PBXGroup;
			children = (
				FA5A2E451C9AE32F0041F55E /* Node.swift */,
				FA5A2E471C9AE3470041F55E /* State.swift */,
				FA88CEC81C9B831600DF8B66 /* Position.swift */,
				FA5A2E491C9AE3530041F55E /* Direction.swift */,
				FA0BE82F1C9B9D270007E49D /* Action.swift */,
			);
			name = "Tree Models";
			sourceTree = "<group>";
		};
		FAE0F9E01C9E2D9D0036C436 /* Search Models */ = {
			isa = PBXGroup;
			children = (
				FAD2762F1C9BA7FB006819FF /* Problem.swift */,
			);
			name = "Search Models";
			sourceTree = "<group>";
		};
/* End PBXGroup section */

/* Begin PBXNativeTarget section */
		FA5A2E2E1C9AE3020041F55E /* PuzzleProblem */ = {
			isa = PBXNativeTarget;
			buildConfigurationList = FA5A2E361C9AE3020041F55E /* Build configuration list for PBXNativeTarget "PuzzleProblem" */;
			buildPhases = (
				FA5A2E2B1C9AE3020041F55E /* Sources */,
				FA5A2E2C1C9AE3020041F55E /* Frameworks */,
				FA5A2E2D1C9AE3020041F55E /* CopyFiles */,
			);
			buildRules = (
			);
			dependencies = (
			);
			name = PuzzleProblem;
			productName = PuzzleProblem;
			productReference = FA5A2E2F1C9AE3020041F55E /* PuzzleProblem */;
			productType = "com.apple.product-type.tool";
		};
		FA5A2E811C9AEC6A0041F55E /* PuzzleSolverTests */ = {
			isa = PBXNativeTarget;
			buildConfigurationList = FA5A2E871C9AEC6A0041F55E /* Build configuration list for PBXNativeTarget "PuzzleSolverTests" */;
			buildPhases = (
				FA5A2E7E1C9AEC6A0041F55E /* Sources */,
				FA5A2E7F1C9AEC6A0041F55E /* Frameworks */,
				FA5A2E801C9AEC6A0041F55E /* Resources */,
			);
			buildRules = (
			);
			dependencies = (
				FA5A2E8B1C9AEC940041F55E /* PBXTargetDependency */,
			);
			name = PuzzleSolverTests;
			productName = PuzzleSolverTests;
			productReference = FA5A2E821C9AEC6A0041F55E /* PuzzleSolverTests.xctest */;
			productType = "com.apple.product-type.bundle.unit-test";
		};
/* End PBXNativeTarget section */

/* Begin PBXProject section */
		FA5A2E271C9AE3020041F55E /* Project object */ = {
			isa = PBXProject;
			attributes = {
				LastSwiftUpdateCheck = 0720;
				LastUpgradeCheck = 0720;
				ORGANIZATIONNAME = Alex;
				TargetAttributes = {
					FA5A2E2E1C9AE3020041F55E = {
						CreatedOnToolsVersion = 7.2.1;
					};
					FA5A2E811C9AEC6A0041F55E = {
						CreatedOnToolsVersion = 7.2.1;
					};
				};
			};
			buildConfigurationList = FA5A2E2A1C9AE3020041F55E /* Build configuration list for PBXProject "PuzzleProblem" */;
			compatibilityVersion = "Xcode 3.2";
			developmentRegion = English;
			hasScannedForEncodings = 0;
			knownRegions = (
				en,
			);
			mainGroup = FA5A2E261C9AE3020041F55E;
			productRefGroup = FA5A2E301C9AE3020041F55E /* Products */;
			projectDirPath = "";
			projectRoot = "";
			targets = (
				FA5A2E2E1C9AE3020041F55E /* PuzzleProblem */,
				FA5A2E811C9AEC6A0041F55E /* PuzzleSolverTests */,
			);
		};
/* End PBXProject section */

/* Begin PBXResourcesBuildPhase section */
		FA5A2E801C9AEC6A0041F55E /* Resources */ = {
			isa = PBXResourcesBuildPhase;
			buildActionMask = 2147483647;
			files = (
			);
			runOnlyForDeploymentPostprocessing = 0;
		};
/* End PBXResourcesBuildPhase section */

/* Begin PBXSourcesBuildPhase section */
		FA5A2E2B1C9AE3020041F55E /* Sources */ = {
			isa = PBXSourcesBuildPhase;
			buildActionMask = 2147483647;
			files = (
				FA7439351CA285C1009411C2 /* SearchMethod.swift in Sources */,
				FA5A2E941C9AF2570041F55E /* FileParser.swift in Sources */,
				FA0BE8301C9B9D270007E49D /* Action.swift in Sources */,
				FAE0F9D21C9E2BD00036C436 /* NodeSet.swift in Sources */,
				FAD276301C9BA7FB006819FF /* Problem.swift in Sources */,
				FA5A2E331C9AE3020041F55E /* main.swift in Sources */,
				FA5A2E461C9AE32F0041F55E /* Node.swift in Sources */,
				FAE0F9CD1C9D35D40036C436 /* Frontier.swift in Sources */,
				FA5A2E481C9AE3470041F55E /* State.swift in Sources */,
				FAE0F9D61C9E2C480036C436 /* FifoFrontier.swift in Sources */,
				FAFB45EB1C9B6E6D0093DB92 /* DepthFirstSearch.swift in Sources */,
				FA88CEC91C9B831600DF8B66 /* Position.swift in Sources */,
				FA5A2E4A1C9AE3530041F55E /* Direction.swift in Sources */,
				FAE0F9D41C9E2C380036C436 /* LifoFrontier.swift in Sources */,
				FAD276391C9BF3D1006819FF /* BreadthFirstSearch.swift in Sources */,
			);
			runOnlyForDeploymentPostprocessing = 0;
		};
		FA5A2E7E1C9AEC6A0041F55E /* Sources */ = {
			isa = PBXSourcesBuildPhase;
			buildActionMask = 2147483647;
			files = (
				FA7439361CA285E6009411C2 /* SearchMethod.swift in Sources */,
				FAE0F9D01C9D3D540036C436 /* Frontier.swift in Sources */,
				FA5A2E851C9AEC6A0041F55E /* StateTests.swift in Sources */,
				FA0BE8311C9BA04A0007E49D /* Action.swift in Sources */,
				FA7439371CA286B3009411C2 /* DepthFirstSearch.swift in Sources */,
				FA5A2E911C9AECD20041F55E /* State.swift in Sources */,
				FAD276331C9BD837006819FF /* Node.swift in Sources */,
				FA88CECA1C9B835500DF8B66 /* Position.swift in Sources */,
				FA5A2E921C9AECD40041F55E /* Direction.swift in Sources */,
				FA8642901C9B8B26009FC7D1 /* PositionTests.swift in Sources */,
				FAE0F9DB1C9E2C840036C436 /* NodeSet.swift in Sources */,
				FA7439391CA424ED009411C2 /* RandomState.swift in Sources */,
				FAE0F9D91C9E2C800036C436 /* FifoFrontier.swift in Sources */,
				FAD2763D1C9C0D26006819FF /* BreadthFirstSearch.swift in Sources */,
				FAD276321C9BD6AA006819FF /* NodeTests.swift in Sources */,
				FAE0F9DA1C9E2C820036C436 /* LifoFrontier.swift in Sources */,
				FAD2763C1C9C0BBF006819FF /* SearchTests.swift in Sources */,
			);
			runOnlyForDeploymentPostprocessing = 0;
		};
/* End PBXSourcesBuildPhase section */

/* Begin PBXTargetDependency section */
		FA5A2E8B1C9AEC940041F55E /* PBXTargetDependency */ = {
			isa = PBXTargetDependency;
			target = FA5A2E2E1C9AE3020041F55E /* PuzzleProblem */;
			targetProxy = FA5A2E8A1C9AEC940041F55E /* PBXContainerItemProxy */;
		};
/* End PBXTargetDependency section */

/* Begin XCBuildConfiguration section */
		FA5A2E341C9AE3020041F55E /* Debug */ = {
			isa = XCBuildConfiguration;
			buildSettings = {
				ALWAYS_SEARCH_USER_PATHS = NO;
				CLANG_CXX_LANGUAGE_STANDARD = "gnu++0x";
				CLANG_CXX_LIBRARY = "libc++";
				CLANG_ENABLE_MODULES = YES;
				CLANG_ENABLE_OBJC_ARC = YES;
				CLANG_WARN_BOOL_CONVERSION = YES;
				CLANG_WARN_CONSTANT_CONVERSION = YES;
				CLANG_WARN_DIRECT_OBJC_ISA_USAGE = YES_ERROR;
				CLANG_WARN_EMPTY_BODY = YES;
				CLANG_WARN_ENUM_CONVERSION = YES;
				CLANG_WARN_INT_CONVERSION = YES;
				CLANG_WARN_OBJC_ROOT_CLASS = YES_ERROR;
				CLANG_WARN_UNREACHABLE_CODE = YES;
				CLANG_WARN__DUPLICATE_METHOD_MATCH = YES;
				CODE_SIGN_IDENTITY = "-";
				COPY_PHASE_STRIP = NO;
				DEBUG_INFORMATION_FORMAT = dwarf;
				ENABLE_STRICT_OBJC_MSGSEND = YES;
				ENABLE_TESTABILITY = YES;
				GCC_C_LANGUAGE_STANDARD = gnu99;
				GCC_DYNAMIC_NO_PIC = NO;
				GCC_NO_COMMON_BLOCKS = YES;
				GCC_OPTIMIZATION_LEVEL = 0;
				GCC_PREPROCESSOR_DEFINITIONS = (
					"DEBUG=1",
					"$(inherited)",
				);
				GCC_WARN_64_TO_32_BIT_CONVERSION = YES;
				GCC_WARN_ABOUT_RETURN_TYPE = YES_ERROR;
				GCC_WARN_UNDECLARED_SELECTOR = YES;
				GCC_WARN_UNINITIALIZED_AUTOS = YES_AGGRESSIVE;
				GCC_WARN_UNUSED_FUNCTION = YES;
				GCC_WARN_UNUSED_VARIABLE = YES;
				MACOSX_DEPLOYMENT_TARGET = 10.11;
				MTL_ENABLE_DEBUG_INFO = YES;
				ONLY_ACTIVE_ARCH = YES;
				SDKROOT = macosx;
				SWIFT_OPTIMIZATION_LEVEL = "-Onone";
			};
			name = Debug;
		};
		FA5A2E351C9AE3020041F55E /* Release */ = {
			isa = XCBuildConfiguration;
			buildSettings = {
				ALWAYS_SEARCH_USER_PATHS = NO;
				CLANG_CXX_LANGUAGE_STANDARD = "gnu++0x";
				CLANG_CXX_LIBRARY = "libc++";
				CLANG_ENABLE_MODULES = YES;
				CLANG_ENABLE_OBJC_ARC = YES;
				CLANG_WARN_BOOL_CONVERSION = YES;
				CLANG_WARN_CONSTANT_CONVERSION = YES;
				CLANG_WARN_DIRECT_OBJC_ISA_USAGE = YES_ERROR;
				CLANG_WARN_EMPTY_BODY = YES;
				CLANG_WARN_ENUM_CONVERSION = YES;
				CLANG_WARN_INT_CONVERSION = YES;
				CLANG_WARN_OBJC_ROOT_CLASS = YES_ERROR;
				CLANG_WARN_UNREACHABLE_CODE = YES;
				CLANG_WARN__DUPLICATE_METHOD_MATCH = YES;
				CODE_SIGN_IDENTITY = "-";
				COPY_PHASE_STRIP = NO;
				DEBUG_INFORMATION_FORMAT = "dwarf-with-dsym";
				ENABLE_NS_ASSERTIONS = NO;
				ENABLE_STRICT_OBJC_MSGSEND = YES;
				GCC_C_LANGUAGE_STANDARD = gnu99;
				GCC_NO_COMMON_BLOCKS = YES;
				GCC_WARN_64_TO_32_BIT_CONVERSION = YES;
				GCC_WARN_ABOUT_RETURN_TYPE = YES_ERROR;
				GCC_WARN_UNDECLARED_SELECTOR = YES;
				GCC_WARN_UNINITIALIZED_AUTOS = YES_AGGRESSIVE;
				GCC_WARN_UNUSED_FUNCTION = YES;
				GCC_WARN_UNUSED_VARIABLE = YES;
				MACOSX_DEPLOYMENT_TARGET = 10.11;
				MTL_ENABLE_DEBUG_INFO = NO;
				SDKROOT = macosx;
			};
			name = Release;
		};
		FA5A2E371C9AE3020041F55E /* Debug */ = {
			isa = XCBuildConfiguration;
			buildSettings = {
				DEFINES_MODULE = YES;
				PRODUCT_NAME = "$(TARGET_NAME)";
			};
			name = Debug;
		};
		FA5A2E381C9AE3020041F55E /* Release */ = {
			isa = XCBuildConfiguration;
			buildSettings = {
				DEFINES_MODULE = YES;
				PRODUCT_NAME = "$(TARGET_NAME)";
			};
			name = Release;
		};
		FA5A2E881C9AEC6A0041F55E /* Debug */ = {
			isa = XCBuildConfiguration;
			buildSettings = {
				COMBINE_HIDPI_IMAGES = YES;
				INFOPLIST_FILE = PuzzleSolverTests/Info.plist;
				LD_RUNPATH_SEARCH_PATHS = "$(inherited) @executable_path/../Frameworks @loader_path/../Frameworks";
				PRODUCT_BUNDLE_IDENTIFIER = me.alexcu.swin.ai.PuzzleSolverTests;
				PRODUCT_NAME = "$(TARGET_NAME)";
			};
			name = Debug;
		};
		FA5A2E891C9AEC6A0041F55E /* Release */ = {
			isa = XCBuildConfiguration;
			buildSettings = {
				COMBINE_HIDPI_IMAGES = YES;
				INFOPLIST_FILE = PuzzleSolverTests/Info.plist;
				LD_RUNPATH_SEARCH_PATHS = "$(inherited) @executable_path/../Frameworks @loader_path/../Frameworks";
				PRODUCT_BUNDLE_IDENTIFIER = me.alexcu.swin.ai.PuzzleSolverTests;
				PRODUCT_NAME = "$(TARGET_NAME)";
			};
			name = Release;
		};
/* End XCBuildConfiguration section */

/* Begin XCConfigurationList section */
		FA5A2E2A1C9AE3020041F55E /* Build configuration list for PBXProject "PuzzleProblem" */ = {
			isa = XCConfigurationList;
			buildConfigurations = (
				FA5A2E341C9AE3020041F55E /* Debug */,
				FA5A2E351C9AE3020041F55E /* Release */,
			);
			defaultConfigurationIsVisible = 0;
			defaultConfigurationName = Release;
		};
		FA5A2E361C9AE3020041F55E /* Build configuration list for PBXNativeTarget "PuzzleProblem" */ = {
			isa = XCConfigurationList;
			buildConfigurations = (
				FA5A2E371C9AE3020041F55E /* Debug */,
				FA5A2E381C9AE3020041F55E /* Release */,
			);
			defaultConfigurationIsVisible = 0;
			defaultConfigurationName = Release;
		};
		FA5A2E871C9AEC6A0041F55E /* Build configuration list for PBXNativeTarget "PuzzleSolverTests" */ = {
			isa = XCConfigurationList;
			buildConfigurations = (
				FA5A2E881C9AEC6A0041F55E /* Debug */,
				FA5A2E891C9AEC6A0041F55E /* Release */,
			);
			defaultConfigurationIsVisible = 0;
			defaultConfigurationName = Release;
		};
/* End XCConfigurationList section */
	};
	rootObject = FA5A2E271C9AE3020041F55E /* Project object */;
}
